{
  "lockfileVersion": 1,
  "workspaces": {
    "": {
      "name": "opencode-web-blocker",
      "devDependencies": {
        "@types/bun": "latest",
        "typescript": "^5",
      },
    },
    "packages/chrome-extension": {
      "name": "@jcamps/opencode-web-blocker-chrome-extension",
      "version": "0.0.1",
      "devDependencies": {
        "@types/chrome": "^0.0.287",
      },
    },
    "packages/opencode-plugin": {
      "name": "@jcamps/opencode-web-blocker-plugin",
      "version": "0.0.1",
      "devDependencies": {
        "@opencode-ai/plugin": "*",
        "typescript": "^5",
      },
      "peerDependencies": {
        "@jcamps/opencode-web-blocker-shared": "workspace:*",
      },
    },
    "packages/server": {
      "name": "@jcamps/opencode-web-blocker-server",
      "version": "0.0.1",
      "bin": {
        "opencode-web-blocker": "./dist/bin.js",
      },
      "dependencies": {
        "@jcamps/opencode-web-blocker-shared": "workspace:*",
      },
    },
    "packages/shared": {
      "name": "@jcamps/opencode-web-blocker-shared",
      "version": "0.0.1",
    },
    "packages/zen-extension": {
      "name": "@jcamps/opencode-web-blocker-zen-extension",
      "version": "0.0.1",
      "devDependencies": {
        "@types/webextension-polyfill": "^0.10.7",
        "webextension-polyfill": "^0.12.0",
      },
    },
  },
  "packages": {
    "@jcamps/opencode-web-blocker-chrome-extension": ["@jcamps/opencode-web-blocker-chrome-extension@workspace:packages/chrome-extension"],

    "@jcamps/opencode-web-blocker-plugin": ["@jcamps/opencode-web-blocker-plugin@workspace:packages/opencode-plugin"],

    "@jcamps/opencode-web-blocker-server": ["@jcamps/opencode-web-blocker-server@workspace:packages/server"],

    "@jcamps/opencode-web-blocker-shared": ["@jcamps/opencode-web-blocker-shared@workspace:packages/shared"],

    "@jcamps/opencode-web-blocker-zen-extension": ["@jcamps/opencode-web-blocker-zen-extension@workspace:packages/zen-extension"],

    "@opencode-ai/plugin": ["@opencode-ai/plugin@1.0.224", "", { "dependencies": { "@opencode-ai/sdk": "1.0.224", "zod": "4.1.8" } }, "sha512-V2Su55FI6NGyabFHo853+8r9h66q//gsYWCIODbwRs47qi4VfbFylfddJxQDD+/M/H7w0++ojbQC9YCLNDXdKw=="],

    "@opencode-ai/sdk": ["@opencode-ai/sdk@1.0.224", "", {}, "sha512-gODyWLDTaz38qISxRdJKsEiFqvJNcFzu4/awoSICIl8j8gx6qDxLsYWVp/ToO4LKXTvHMn8yyZpM3ZEdGhDC+g=="],

    "@types/bun": ["@types/bun@1.3.5", "", { "dependencies": { "bun-types": "1.3.5" } }, "sha512-RnygCqNrd3srIPEWBd5LFeUYG7plCoH2Yw9WaZGyNmdTEei+gWaHqydbaIRkIkcbXwhBT94q78QljxN0Sk838w=="],

    "@types/chrome": ["@types/chrome@0.0.287", "", { "dependencies": { "@types/filesystem": "*", "@types/har-format": "*" } }, "sha512-wWhBNPNXZHwycHKNYnexUcpSbrihVZu++0rdp6GEk5ZgAglenLx+RwdEouh6FrHS0XQiOxSd62yaujM1OoQlZQ=="],

    "@types/filesystem": ["@types/filesystem@0.0.36", "", { "dependencies": { "@types/filewriter": "*" } }, "sha512-vPDXOZuannb9FZdxgHnqSwAG/jvdGM8Wq+6N4D/d80z+D4HWH+bItqsZaVRQykAn6WEVeEkLm2oQigyHtgb0RA=="],

    "@types/filewriter": ["@types/filewriter@0.0.33", "", {}, "sha512-xFU8ZXTw4gd358lb2jw25nxY9QAgqn2+bKKjKOYfNCzN4DKCFetK7sPtrlpg66Ywe3vWY9FNxprZawAh9wfJ3g=="],

    "@types/har-format": ["@types/har-format@1.2.16", "", {}, "sha512-fluxdy7ryD3MV6h8pTfTYpy/xQzCFC7m89nOH9y94cNqJ1mDIDPut7MnRHI3F6qRmh/cT2fUjG1MLdCNb4hE9A=="],

    "@types/node": ["@types/node@25.0.3", "", { "dependencies": { "undici-types": "~7.16.0" } }, "sha512-W609buLVRVmeW693xKfzHeIV6nJGGz98uCPfeXI1ELMLXVeKYZ9m15fAMSaUPBHYLGFsVRcMmSCksQOrZV9BYA=="],

    "@types/webextension-polyfill": ["@types/webextension-polyfill@0.10.7", "", {}, "sha512-10ql7A0qzBmFB+F+qAke/nP1PIonS0TXZAOMVOxEUsm+lGSW6uwVcISFNa0I4Oyj0884TZVWGGMIWeXOVSNFHw=="],

    "bun-types": ["bun-types@1.3.5", "", { "dependencies": { "@types/node": "*" } }, "sha512-inmAYe2PFLs0SUbFOWSVD24sg1jFlMPxOjOSSCYqUgn4Hsc3rDc7dFvfVYjFPNHtov6kgUeulV4SxbuIV/stPw=="],

    "typescript": ["typescript@5.9.3", "", { "bin": { "tsc": "bin/tsc", "tsserver": "bin/tsserver" } }, "sha512-jl1vZzPDinLr9eUt3J/t7V6FgNEw9QjvBPdysz9KfQDD41fQrC2Y4vKQdiaUpFT4bXlb1RHhLpp8wtm6M5TgSw=="],

    "undici-types": ["undici-types@7.16.0", "", {}, "sha512-Zz+aZWSj8LE6zoxD+xrjh4VfkIG8Ya6LvYkZqtUQGJPZjYl53ypCaUwWqo7eI0x66KBGeRo+mlBEkMSeSZ38Nw=="],

    "webextension-polyfill": ["webextension-polyfill@0.12.0", "", {}, "sha512-97TBmpoWJEE+3nFBQ4VocyCdLKfw54rFaJ6EVQYLBCXqCIpLSZkwGgASpv4oPt9gdKCJ80RJlcmNzNn008Ag6Q=="],

    "zod": ["zod@4.1.8", "", {}, "sha512-5R1P+WwQqmmMIEACyzSvo4JXHY5WiAFHRMg+zBZKgKS+Q1viRa0C1hmUKtHltoIFKtIdki3pRxkmpP74jnNYHQ=="],
  }
}
